
Microsoft Visual Studio Solution File, Format Version 12.00
# Visual Studio Version 16
VisualStudioVersion = 16.0.31624.102
MinimumVisualStudioVersion = 10.0.40219.1
Project("{FAE04EC0-301F-11D3-BF4B-00C04F79EFBC}") = "moya vtoraya proga na c sharp", "moya vtoraya proga na c sharp\moya vtoraya proga na c sharp.csproj", "{59B62D45-0201-423F-95E9-150AF05F8C23}"
EndProject
Global
	GlobalSection(SolutionConfigurationPlatforms) = preSolution
		Debug|Any CPU = Debug|Any CPU
		Release|Any CPU = Release|Any CPU
	EndGlobalSection
	GlobalSection(ProjectConfigurationPlatforms) = postSolution
		{59B62D45-0201-423F-95E9-150AF05F8C23}.Debug|Any CPU.ActiveCfg = Debug|Any CPU
		{59B62D45-0201-423F-95E9-150AF05F8C23}.Debug|Any CPU.Build.0 = Debug|Any CPU
		{59B62D45-0201-423F-95E9-150AF05F8C23}.Release|Any CPU.ActiveCfg = Release|Any CPU
		{59B62D45-0201-423F-95E9-150AF05F8C23}.Release|Any CPU.Build.0 = Release|Any CPU
	EndGlobalSection
	GlobalSection(SolutionProperties) = preSolution
		HideSolutionNode = FALSE
	EndGlobalSection
	GlobalSection(ExtensibilityGlobals) = postSolution
		SolutionGuid = {2F2CBF17-8B17-4C76-A47C-16F4C8F8FBE7}
	EndGlobalSection
EndGlobal
